
Microsoft Visual Studio Solution File, Format Version 11.00
# Visual Studio 2010
Project("{ECD6D718-D1CF-4119-97F3-97C25A0DFBF9}") = "LBA", "LBA\LBA.lsproj", "{C5E9F204-82B9-441C-B2D1-A8DF438F20C7}"
EndProject
Global
	GlobalSection(SolutionConfigurationPlatforms) = preSolution
		Debug|Any CPU = Debug|Any CPU
		Release|Any CPU = Release|Any CPU
	EndGlobalSection
	GlobalSection(ProjectDependencies) = postSolution
		{71735048-9BD9-4135-8E0A-6BF4CE135212}.0 = {D3384D2B-40AC-4FC9-BC18-5064DA2B780B}
	EndGlobalSection
	GlobalSection(ProjectConfigurationPlatforms) = postSolution
		{C5E9F204-82B9-441C-B2D1-A8DF438F20C7}.Debug|Any CPU.ActiveCfg = Debug|Any CPU
		{C5E9F204-82B9-441C-B2D1-A8DF438F20C7}.Debug|Any CPU.Build.0 = Debug|Any CPU
		{C5E9F204-82B9-441C-B2D1-A8DF438F20C7}.Release|Any CPU.ActiveCfg = Release|Any CPU
		{C5E9F204-82B9-441C-B2D1-A8DF438F20C7}.Release|Any CPU.Build.0 = Release|Any CPU
		{32AFB54C-7CC1-4BB3-998C-FE144770C867}.Debug|Any CPU.ActiveCfg = Debug|Any CPU
		{32AFB54C-7CC1-4BB3-998C-FE144770C867}.Debug|Any CPU.Build.0 = Debug|Any CPU
		{32AFB54C-7CC1-4BB3-998C-FE144770C867}.Release|Any CPU.ActiveCfg = Release|Any CPU
		{32AFB54C-7CC1-4BB3-998C-FE144770C867}.Release|Any CPU.Build.0 = Release|Any CPU
		{8B0CE184-2696-4025-AAE2-AD57492AAEB5}.Debug|Any CPU.ActiveCfg = Debug|Any CPU
		{8B0CE184-2696-4025-AAE2-AD57492AAEB5}.Debug|Any CPU.Build.0 = Debug|Any CPU
		{8B0CE184-2696-4025-AAE2-AD57492AAEB5}.Release|Any CPU.ActiveCfg = Release|Any CPU
		{8B0CE184-2696-4025-AAE2-AD57492AAEB5}.Release|Any CPU.Build.0 = Release|Any CPU
		{D3384D2B-40AC-4FC9-BC18-5064DA2B780B}.Debug|Any CPU.ActiveCfg = Debug|Any CPU
		{D3384D2B-40AC-4FC9-BC18-5064DA2B780B}.Debug|Any CPU.Build.0 = Debug|Any CPU
		{D3384D2B-40AC-4FC9-BC18-5064DA2B780B}.Release|Any CPU.ActiveCfg = Release|Any CPU
		{D3384D2B-40AC-4FC9-BC18-5064DA2B780B}.Release|Any CPU.Build.0 = Release|Any CPU
		{71735048-9BD9-4135-8E0A-6BF4CE135212}.Debug|Any CPU.ActiveCfg = Debug|Any CPU
		{71735048-9BD9-4135-8E0A-6BF4CE135212}.Debug|Any CPU.Build.0 = Debug|Any CPU
		{71735048-9BD9-4135-8E0A-6BF4CE135212}.Release|Any CPU.ActiveCfg = Release|Any CPU
		{71735048-9BD9-4135-8E0A-6BF4CE135212}.Release|Any CPU.Build.0 = Release|Any CPU
		{9C6C66F6-E128-4ED3-B8C6-1CB24CAD7A41}.Debug|Any CPU.ActiveCfg = Debug|Any CPU
		{9C6C66F6-E128-4ED3-B8C6-1CB24CAD7A41}.Debug|Any CPU.Build.0 = Debug|Any CPU
		{9C6C66F6-E128-4ED3-B8C6-1CB24CAD7A41}.Release|Any CPU.ActiveCfg = Release|Any CPU
		{9C6C66F6-E128-4ED3-B8C6-1CB24CAD7A41}.Release|Any CPU.Build.0 = Release|Any CPU
	EndGlobalSection
	GlobalSection(SolutionProperties) = preSolution
		HideSolutionNode = FALSE
	EndGlobalSection
EndGlobal
